
Microsoft Visual Studio Solution File, Format Version 12.00
# Visual Studio Version 17
VisualStudioVersion = 17.9.34728.123
MinimumVisualStudioVersion = 10.0.40219.1
Project("{FAE04EC0-301F-11D3-BF4B-00C04F79EFBC}") = "LibraryApi.Test", "LibraryApi.Test\LibraryApi.Test.csproj", "{9F761764-62FE-42A7-A256-32023ABD87CF}"
EndProject
Project("{9A19103F-16F7-4668-BE54-9A1E7A4F7556}") = "LibraryApi.Api", "LibraryApi.Api\LibraryApi.Api.csproj", "{D45D4349-E005-482D-BC62-D0143DA03AB7}"
EndProject
Global
	GlobalSection(SolutionConfigurationPlatforms) = preSolution
		Debug|Any CPU = Debug|Any CPU
		Release|Any CPU = Release|Any CPU
	EndGlobalSection
	GlobalSection(ProjectConfigurationPlatforms) = postSolution
		{9F761764-62FE-42A7-A256-32023ABD87CF}.Debug|Any CPU.ActiveCfg = Debug|Any CPU
		{9F761764-62FE-42A7-A256-32023ABD87CF}.Debug|Any CPU.Build.0 = Debug|Any CPU
		{9F761764-62FE-42A7-A256-32023ABD87CF}.Release|Any CPU.ActiveCfg = Release|Any CPU
		{9F761764-62FE-42A7-A256-32023ABD87CF}.Release|Any CPU.Build.0 = Release|Any CPU
		{D45D4349-E005-482D-BC62-D0143DA03AB7}.Debug|Any CPU.ActiveCfg = Debug|Any CPU
		{D45D4349-E005-482D-BC62-D0143DA03AB7}.Debug|Any CPU.Build.0 = Debug|Any CPU
		{D45D4349-E005-482D-BC62-D0143DA03AB7}.Release|Any CPU.ActiveCfg = Release|Any CPU
		{D45D4349-E005-482D-BC62-D0143DA03AB7}.Release|Any CPU.Build.0 = Release|Any CPU
	EndGlobalSection
	GlobalSection(SolutionProperties) = preSolution
		HideSolutionNode = FALSE
	EndGlobalSection
	GlobalSection(ExtensibilityGlobals) = postSolution
		SolutionGuid = {C53BBEBF-499A-44A4-9E9B-32FDED051704}
	EndGlobalSection
EndGlobal
